
Microsoft Visual Studio Solution File, Format Version 12.00
Project("{FAE04EC0-301F-11D3-BF4B-00C04F79EFBC}") = "EntityMapper", "EntityMapper\EntityMapper.csproj", "{B321F063-4530-4194-9F1E-8686E962D397}"
EndProject
Project("{FAE04EC0-301F-11D3-BF4B-00C04F79EFBC}") = "EntityMapper.Unit", "EntityMapper.Unit\EntityMapper.Unit.csproj", "{ACE17C5E-3EAB-4B46-B3EA-B81A48E7E0BD}"
EndProject
Project("{FAE04EC0-301F-11D3-BF4B-00C04F79EFBC}") = "EntityMapper.ServiceCollection.Extension", "EntityMapper.ServiceCollection.Extension\EntityMapper.ServiceCollection.Extension.csproj", "{D089D98A-C749-4F23-ADFF-CF0AD87962B5}"
EndProject
Project("{FAE04EC0-301F-11D3-BF4B-00C04F79EFBC}") = "EntityMapper.Configuration", "EntityMapper.Configuration\EntityMapper.Configuration.csproj", "{D7393E95-E09F-4166-968C-89EF7D718285}"
EndProject
Global
	GlobalSection(SolutionConfigurationPlatforms) = preSolution
		Debug|Any CPU = Debug|Any CPU
		Release|Any CPU = Release|Any CPU
	EndGlobalSection
	GlobalSection(ProjectConfigurationPlatforms) = postSolution
		{B321F063-4530-4194-9F1E-8686E962D397}.Debug|Any CPU.ActiveCfg = Debug|Any CPU
		{B321F063-4530-4194-9F1E-8686E962D397}.Debug|Any CPU.Build.0 = Debug|Any CPU
		{B321F063-4530-4194-9F1E-8686E962D397}.Release|Any CPU.ActiveCfg = Release|Any CPU
		{B321F063-4530-4194-9F1E-8686E962D397}.Release|Any CPU.Build.0 = Release|Any CPU
		{ACE17C5E-3EAB-4B46-B3EA-B81A48E7E0BD}.Debug|Any CPU.ActiveCfg = Debug|Any CPU
		{ACE17C5E-3EAB-4B46-B3EA-B81A48E7E0BD}.Debug|Any CPU.Build.0 = Debug|Any CPU
		{ACE17C5E-3EAB-4B46-B3EA-B81A48E7E0BD}.Release|Any CPU.ActiveCfg = Release|Any CPU
		{ACE17C5E-3EAB-4B46-B3EA-B81A48E7E0BD}.Release|Any CPU.Build.0 = Release|Any CPU
		{D089D98A-C749-4F23-ADFF-CF0AD87962B5}.Debug|Any CPU.ActiveCfg = Debug|Any CPU
		{D089D98A-C749-4F23-ADFF-CF0AD87962B5}.Debug|Any CPU.Build.0 = Debug|Any CPU
		{D089D98A-C749-4F23-ADFF-CF0AD87962B5}.Release|Any CPU.ActiveCfg = Release|Any CPU
		{D089D98A-C749-4F23-ADFF-CF0AD87962B5}.Release|Any CPU.Build.0 = Release|Any CPU
		{D7393E95-E09F-4166-968C-89EF7D718285}.Debug|Any CPU.ActiveCfg = Debug|Any CPU
		{D7393E95-E09F-4166-968C-89EF7D718285}.Debug|Any CPU.Build.0 = Debug|Any CPU
		{D7393E95-E09F-4166-968C-89EF7D718285}.Release|Any CPU.ActiveCfg = Release|Any CPU
		{D7393E95-E09F-4166-968C-89EF7D718285}.Release|Any CPU.Build.0 = Release|Any CPU
	EndGlobalSection
EndGlobal
